// !$*UTF8*$!
{
	archiveVersion = 1;
	classes = {
	};
	objectVersion = 48;
	objects = {

/* Begin PBXBuildFile section */
		50209E381F3509AB00C058A4 /* AppDelegate.swift in Sources */ = {isa = PBXBuildFile; fileRef = 50209E371F3509AB00C058A4 /* AppDelegate.swift */; };
		50209E3A1F3509AB00C058A4 /* art.scnassets in Resources */ = {isa = PBXBuildFile; fileRef = 50209E391F3509AB00C058A4 /* art.scnassets */; };
		50209E3C1F3509AB00C058A4 /* ViewController.swift in Sources */ = {isa = PBXBuildFile; fileRef = 50209E3B1F3509AB00C058A4 /* ViewController.swift */; };
		50209E3F1F3509AB00C058A4 /* Main.storyboard in Resources */ = {isa = PBXBuildFile; fileRef = 50209E3D1F3509AB00C058A4 /* Main.storyboard */; };
		50209E411F3509AB00C058A4 /* Assets.xcassets in Resources */ = {isa = PBXBuildFile; fileRef = 50209E401F3509AB00C058A4 /* Assets.xcassets */; };
		50209E441F3509AB00C058A4 /* LaunchScreen.storyboard in Resources */ = {isa = PBXBuildFile; fileRef = 50209E421F3509AB00C058A4 /* LaunchScreen.storyboard */; };
		50209E4F1F3509AB00C058A4 /* CounterARTests.swift in Sources */ = {isa = PBXBuildFile; fileRef = 50209E4E1F3509AB00C058A4 /* CounterARTests.swift */; };
		50209E5A1F3509AB00C058A4 /* CounterARUITests.swift in Sources */ = {isa = PBXBuildFile; fileRef = 50209E591F3509AB00C058A4 /* CounterARUITests.swift */; };
/* End PBXBuildFile section */

/* Begin PBXContainerItemProxy section */
		50209E4B1F3509AB00C058A4 /* PBXContainerItemProxy */ = {
			isa = PBXContainerItemProxy;
			containerPortal = 50209E2C1F3509AB00C058A4 /* Project object */;
			proxyType = 1;
			remoteGlobalIDString = 50209E331F3509AB00C058A4;
			remoteInfo = CounterAR;
		};
		50209E561F3509AB00C058A4 /* PBXContainerItemProxy */ = {
			isa = PBXContainerItemProxy;
			containerPortal = 50209E2C1F3509AB00C058A4 /* Project object */;
			proxyType = 1;
			remoteGlobalIDString = 50209E331F3509AB00C058A4;
			remoteInfo = CounterAR;
		};
/* End PBXContainerItemProxy section */

/* Begin PBXFileReference section */
		50209E341F3509AB00C058A4 /* CounterAR.app */ = {isa = PBXFileReference; explicitFileType = wrapper.application; includeInIndex = 0; path = CounterAR.app; sourceTree = BUILT_PRODUCTS_DIR; };
		50209E371F3509AB00C058A4 /* AppDelegate.swift */ = {isa = PBXFileReference; lastKnownFileType = sourcecode.swift; path = AppDelegate.swift; sourceTree = "<group>"; };
		50209E391F3509AB00C058A4 /* art.scnassets */ = {isa = PBXFileReference; lastKnownFileType = wrapper.scnassets; path = art.scnassets; sourceTree = "<group>"; };
		50209E3B1F3509AB00C058A4 /* ViewController.swift */ = {isa = PBXFileReference; lastKnownFileType = sourcecode.swift; path = ViewController.swift; sourceTree = "<group>"; };
		50209E3E1F3509AB00C058A4 /* Base */ = {isa = PBXFileReference; lastKnownFileType = file.storyboard; name = Base; path = Base.lproj/Main.storyboard; sourceTree = "<group>"; };
		50209E401F3509AB00C058A4 /* Assets.xcassets */ = {isa = PBXFileReference; lastKnownFileType = folder.assetcatalog; path = Assets.xcassets; sourceTree = "<group>"; };
		50209E431F3509AB00C058A4 /* Base */ = {isa = PBXFileReference; lastKnownFileType = file.storyboard; name = Base; path = Base.lproj/LaunchScreen.storyboard; sourceTree = "<group>"; };
		50209E451F3509AB00C058A4 /* Info.plist */ = {isa = PBXFileReference; lastKnownFileType = text.plist.xml; path = Info.plist; sourceTree = "<group>"; };
		50209E4A1F3509AB00C058A4 /* CounterARTests.xctest */ = {isa = PBXFileReference; explicitFileType = wrapper.cfbundle; includeInIndex = 0; path = CounterARTests.xctest; sourceTree = BUILT_PRODUCTS_DIR; };
		50209E4E1F3509AB00C058A4 /* CounterARTests.swift */ = {isa = PBXFileReference; lastKnownFileType = sourcecode.swift; path = CounterARTests.swift; sourceTree = "<group>"; };
		50209E501F3509AB00C058A4 /* Info.plist */ = {isa = PBXFileReference; lastKnownFileType = text.plist.xml; path = Info.plist; sourceTree = "<group>"; };
		50209E551F3509AB00C058A4 /* CounterARUITests.xctest */ = {isa = PBXFileReference; explicitFileType = wrapper.cfbundle; includeInIndex = 0; path = CounterARUITests.xctest; sourceTree = BUILT_PRODUCTS_DIR; };
		50209E591F3509AB00C058A4 /* CounterARUITests.swift */ = {isa = PBXFileReference; lastKnownFileType = sourcecode.swift; path = CounterARUITests.swift; sourceTree = "<group>"; };
		50209E5B1F3509AB00C058A4 /* Info.plist */ = {isa = PBXFileReference; lastKnownFileType = text.plist.xml; path = Info.plist; sourceTree = "<group>"; };
/* End PBXFileReference section */

/* Begin PBXFrameworksBuildPhase section */
		50209E311F3509AB00C058A4 /* Frameworks */ = {
			isa = PBXFrameworksBuildPhase;
			buildActionMask = 2147483647;
			files = (
			);
			runOnlyForDeploymentPostprocessing = 0;
		};
		50209E471F3509AB00C058A4 /* Frameworks */ = {
			isa = PBXFrameworksBuildPhase;
			buildActionMask = 2147483647;
			files = (
			);
			runOnlyForDeploymentPostprocessing = 0;
		};
		50209E521F3509AB00C058A4 /* Frameworks */ = {
			isa = PBXFrameworksBuildPhase;
			buildActionMask = 2147483647;
			files = (
			);
			runOnlyForDeploymentPostprocessing = 0;
		};
/* End PBXFrameworksBuildPhase section */

/* Begin PBXGroup section */
		50209E2B1F3509AB00C058A4 = {
			isa = PBXGroup;
			children = (
				50209E361F3509AB00C058A4 /* CounterAR */,
				50209E4D1F3509AB00C058A4 /* CounterARTests */,
				50209E581F3509AB00C058A4 /* CounterARUITests */,
				50209E351F3509AB00C058A4 /* Products */,
			);
			sourceTree = "<group>";
		};
		50209E351F3509AB00C058A4 /* Products */ = {
			isa = PBXGroup;
			children = (
				50209E341F3509AB00C058A4 /* CounterAR.app */,
				50209E4A1F3509AB00C058A4 /* CounterARTests.xctest */,
				50209E551F3509AB00C058A4 /* CounterARUITests.xctest */,
			);
			name = Products;
			sourceTree = "<group>";
		};
		50209E361F3509AB00C058A4 /* CounterAR */ = {
			isa = PBXGroup;
			children = (
				50209E371F3509AB00C058A4 /* AppDelegate.swift */,
				50209E391F3509AB00C058A4 /* art.scnassets */,
				50209E3B1F3509AB00C058A4 /* ViewController.swift */,
				50209E3D1F3509AB00C058A4 /* Main.storyboard */,
				50209E401F3509AB00C058A4 /* Assets.xcassets */,
				50209E421F3509AB00C058A4 /* LaunchScreen.storyboard */,
				50209E451F3509AB00C058A4 /* Info.plist */,
			);
			path = CounterAR;
			sourceTree = "<group>";
		};
		50209E4D1F3509AB00C058A4 /* CounterARTests */ = {
			isa = PBXGroup;
			children = (
				50209E4E1F3509AB00C058A4 /* CounterARTests.swift */,
				50209E501F3509AB00C058A4 /* Info.plist */,
			);
			path = CounterARTests;
			sourceTree = "<group>";
		};
		50209E581F3509AB00C058A4 /* CounterARUITests */ = {
			isa = PBXGroup;
			children = (
				50209E591F3509AB00C058A4 /* CounterARUITests.swift */,
				50209E5B1F3509AB00C058A4 /* Info.plist */,
			);
			path = CounterARUITests;
			sourceTree = "<group>";
		};
/* End PBXGroup section */

/* Begin PBXNativeTarget section */
		50209E331F3509AB00C058A4 /* CounterAR */ = {
			isa = PBXNativeTarget;
			buildConfigurationList = 50209E5E1F3509AB00C058A4 /* Build configuration list for PBXNativeTarget "CounterAR" */;
			buildPhases = (
				50209E301F3509AB00C058A4 /* Sources */,
				50209E311F3509AB00C058A4 /* Frameworks */,
				50209E321F3509AB00C058A4 /* Resources */,
			);
			buildRules = (
			);
			dependencies = (
			);
			name = CounterAR;
			productName = CounterAR;
			productReference = 50209E341F3509AB00C058A4 /* CounterAR.app */;
			productType = "com.apple.product-type.application";
		};
		50209E491F3509AB00C058A4 /* CounterARTests */ = {
			isa = PBXNativeTarget;
			buildConfigurationList = 50209E611F3509AB00C058A4 /* Build configuration list for PBXNativeTarget "CounterARTests" */;
			buildPhases = (
				50209E461F3509AB00C058A4 /* Sources */,
				50209E471F3509AB00C058A4 /* Frameworks */,
				50209E481F3509AB00C058A4 /* Resources */,
			);
			buildRules = (
			);
			dependencies = (
				50209E4C1F3509AB00C058A4 /* PBXTargetDependency */,
			);
			name = CounterARTests;
			productName = CounterARTests;
			productReference = 50209E4A1F3509AB00C058A4 /* CounterARTests.xctest */;
			productType = "com.apple.product-type.bundle.unit-test";
		};
		50209E541F3509AB00C058A4 /* CounterARUITests */ = {
			isa = PBXNativeTarget;
			buildConfigurationList = 50209E641F3509AB00C058A4 /* Build configuration list for PBXNativeTarget "CounterARUITests" */;
			buildPhases = (
				50209E511F3509AB00C058A4 /* Sources */,
				50209E521F3509AB00C058A4 /* Frameworks */,
				50209E531F3509AB00C058A4 /* Resources */,
			);
			buildRules = (
			);
			dependencies = (
				50209E571F3509AB00C058A4 /* PBXTargetDependency */,
			);
			name = CounterARUITests;
			productName = CounterARUITests;
			productReference = 50209E551F3509AB00C058A4 /* CounterARUITests.xctest */;
			productType = "com.apple.product-type.bundle.ui-testing";
		};
/* End PBXNativeTarget section */

/* Begin PBXProject section */
		50209E2C1F3509AB00C058A4 /* Project object */ = {
			isa = PBXProject;
			attributes = {
				LastSwiftUpdateCheck = 0900;
				LastUpgradeCheck = 0900;
				ORGANIZATIONNAME = "Zsolt Pete";
				TargetAttributes = {
					50209E331F3509AB00C058A4 = {
						CreatedOnToolsVersion = 9.0;
					};
					50209E491F3509AB00C058A4 = {
						CreatedOnToolsVersion = 9.0;
						TestTargetID = 50209E331F3509AB00C058A4;
					};
					50209E541F3509AB00C058A4 = {
						CreatedOnToolsVersion = 9.0;
						TestTargetID = 50209E331F3509AB00C058A4;
					};
				};
			};
			buildConfigurationList = 50209E2F1F3509AB00C058A4 /* Build configuration list for PBXProject "CounterAR" */;
			compatibilityVersion = "Xcode 8.0";
			developmentRegion = en;
			hasScannedForEncodings = 0;
			knownRegions = (
				en,
				Base,
			);
			mainGroup = 50209E2B1F3509AB00C058A4;
			productRefGroup = 50209E351F3509AB00C058A4 /* Products */;
			projectDirPath = "";
			projectRoot = "";
			targets = (
				50209E331F3509AB00C058A4 /* CounterAR */,
				50209E491F3509AB00C058A4 /* CounterARTests */,
				50209E541F3509AB00C058A4 /* CounterARUITests */,
			);
		};
/* End PBXProject section */

/* Begin PBXResourcesBuildPhase section */
		50209E321F3509AB00C058A4 /* Resources */ = {
			isa = PBXResourcesBuildPhase;
			buildActionMask = 2147483647;
			files = (
				50209E3A1F3509AB00C058A4 /* art.scnassets in Resources */,
				50209E441F3509AB00C058A4 /* LaunchScreen.storyboard in Resources */,
				50209E411F3509AB00C058A4 /* Assets.xcassets in Resources */,
				50209E3F1F3509AB00C058A4 /* Main.storyboard in Resources */,
			);
			runOnlyForDeploymentPostprocessing = 0;
		};
		50209E481F3509AB00C058A4 /* Resources */ = {
			isa = PBXResourcesBuildPhase;
			buildActionMask = 2147483647;
			files = (
			);
			runOnlyForDeploymentPostprocessing = 0;
		};
		50209E531F3509AB00C058A4 /* Resources */ = {
			isa = PBXResourcesBuildPhase;
			buildActionMask = 2147483647;
			files = (
			);
			runOnlyForDeploymentPostprocessing = 0;
		};
/* End PBXResourcesBuildPhase section */

/* Begin PBXSourcesBuildPhase section */
		50209E301F3509AB00C058A4 /* Sources */ = {
			isa = PBXSourcesBuildPhase;
			buildActionMask = 2147483647;
			files = (
				50209E3C1F3509AB00C058A4 /* ViewController.swift in Sources */,
				50209E381F3509AB00C058A4 /* AppDelegate.swift in Sources */,
			);
			runOnlyForDeploymentPostprocessing = 0;
		};
		50209E461F3509AB00C058A4 /* Sources */ = {
			isa = PBXSourcesBuildPhase;
			buildActionMask = 2147483647;
			files = (
				50209E4F1F3509AB00C058A4 /* CounterARTests.swift in Sources */,
			);
			runOnlyForDeploymentPostprocessing = 0;
		};
		50209E511F3509AB00C058A4 /* Sources */ = {
			isa = PBXSourcesBuildPhase;
			buildActionMask = 2147483647;
			files = (
				50209E5A1F3509AB00C058A4 /* CounterARUITests.swift in Sources */,
			);
			runOnlyForDeploymentPostprocessing = 0;
		};
/* End PBXSourcesBuildPhase section */

/* Begin PBXTargetDependency section */
		50209E4C1F3509AB00C058A4 /* PBXTargetDependency */ = {
			isa = PBXTargetDependency;
			target = 50209E331F3509AB00C058A4 /* CounterAR */;
			targetProxy = 50209E4B1F3509AB00C058A4 /* PBXContainerItemProxy */;
		};
		50209E571F3509AB00C058A4 /* PBXTargetDependency */ = {
			isa = PBXTargetDependency;
			target = 50209E331F3509AB00C058A4 /* CounterAR */;
			targetProxy = 50209E561F3509AB00C058A4 /* PBXContainerItemProxy */;
		};
/* End PBXTargetDependency section */

/* Begin PBXVariantGroup section */
		50209E3D1F3509AB00C058A4 /* Main.storyboard */ = {
			isa = PBXVariantGroup;
			children = (
				50209E3E1F3509AB00C058A4 /* Base */,
			);
			name = Main.storyboard;
			sourceTree = "<group>";
		};
		50209E421F3509AB00C058A4 /* LaunchScreen.storyboard */ = {
			isa = PBXVariantGroup;
			children = (
				50209E431F3509AB00C058A4 /* Base */,
			);
			name = LaunchScreen.storyboard;
			sourceTree = "<group>";
		};
/* End PBXVariantGroup section */

/* Begin XCBuildConfiguration section */
		50209E5C1F3509AB00C058A4 /* Debug */ = {
			isa = XCBuildConfiguration;
			buildSettings = {
				ALWAYS_SEARCH_USER_PATHS = NO;
				CLANG_ANALYZER_NONNULL = YES;
				CLANG_ANALYZER_NUMBER_OBJECT_CONVERSION = YES_AGGRESSIVE;
				CLANG_CXX_LANGUAGE_STANDARD = "gnu++14";
				CLANG_CXX_LIBRARY = "libc++";
				CLANG_ENABLE_MODULES = YES;
				CLANG_ENABLE_OBJC_ARC = YES;
				CLANG_WARN_BLOCK_CAPTURE_AUTORELEASING = YES;
				CLANG_WARN_BOOL_CONVERSION = YES;
				CLANG_WARN_COMMA = YES;
				CLANG_WARN_CONSTANT_CONVERSION = YES;
				CLANG_WARN_DIRECT_OBJC_ISA_USAGE = YES_ERROR;
				CLANG_WARN_DOCUMENTATION_COMMENTS = YES;
				CLANG_WARN_EMPTY_BODY = YES;
				CLANG_WARN_ENUM_CONVERSION = YES;
				CLANG_WARN_INFINITE_RECURSION = YES;
				CLANG_WARN_INT_CONVERSION = YES;
				CLANG_WARN_OBJC_ROOT_CLASS = YES_ERROR;
				CLANG_WARN_RANGE_LOOP_ANALYSIS = YES;
				CLANG_WARN_STRICT_PROTOTYPES = YES;
				CLANG_WARN_SUSPICIOUS_MOVE = YES;
				CLANG_WARN_UNGUARDED_AVAILABILITY = YES_AGGRESSIVE;
				CLANG_WARN_UNREACHABLE_CODE = YES;
				CLANG_WARN__DUPLICATE_METHOD_MATCH = YES;
				CODE_SIGN_IDENTITY = "iPhone Developer";
				COPY_PHASE_STRIP = NO;
				DEBUG_INFORMATION_FORMAT = dwarf;
				ENABLE_STRICT_OBJC_MSGSEND = YES;
				ENABLE_TESTABILITY = YES;
				GCC_C_LANGUAGE_STANDARD = gnu11;
				GCC_DYNAMIC_NO_PIC = NO;
				GCC_NO_COMMON_BLOCKS = YES;
				GCC_OPTIMIZATION_LEVEL = 0;
				GCC_PREPROCESSOR_DEFINITIONS = (
					"DEBUG=1",
					"$(inherited)",
				);
				GCC_WARN_64_TO_32_BIT_CONVERSION = YES;
				GCC_WARN_ABOUT_RETURN_TYPE = YES_ERROR;
				GCC_WARN_UNDECLARED_SELECTOR = YES;
				GCC_WARN_UNINITIALIZED_AUTOS = YES_AGGRESSIVE;
				GCC_WARN_UNUSED_FUNCTION = YES;
				GCC_WARN_UNUSED_VARIABLE = YES;
				IPHONEOS_DEPLOYMENT_TARGET = 11.0;
				MTL_ENABLE_DEBUG_INFO = YES;
				ONLY_ACTIVE_ARCH = YES;
				SDKROOT = iphoneos;
				SWIFT_ACTIVE_COMPILATION_CONDITIONS = DEBUG;
				SWIFT_OPTIMIZATION_LEVEL = "-Onone";
			};
			name = Debug;
		};
		50209E5D1F3509AB00C058A4 /* Release */ = {
			isa = XCBuildConfiguration;
			buildSettings = {
				ALWAYS_SEARCH_USER_PATHS = NO;
				CLANG_ANALYZER_NONNULL = YES;
				CLANG_ANALYZER_NUMBER_OBJECT_CONVERSION = YES_AGGRESSIVE;
				CLANG_CXX_LANGUAGE_STANDARD = "gnu++14";
				CLANG_CXX_LIBRARY = "libc++";
				CLANG_ENABLE_MODULES = YES;
				CLANG_ENABLE_OBJC_ARC = YES;
				CLANG_WARN_BLOCK_CAPTURE_AUTORELEASING = YES;
				CLANG_WARN_BOOL_CONVERSION = YES;
				CLANG_WARN_COMMA = YES;
				CLANG_WARN_CONSTANT_CONVERSION = YES;
				CLANG_WARN_DIRECT_OBJC_ISA_USAGE = YES_ERROR;
				CLANG_WARN_DOCUMENTATION_COMMENTS = YES;
				CLANG_WARN_EMPTY_BODY = YES;
				CLANG_WARN_ENUM_CONVERSION = YES;
				CLANG_WARN_INFINITE_RECURSION = YES;
				CLANG_WARN_INT_CONVERSION = YES;
				CLANG_WARN_OBJC_ROOT_CLASS = YES_ERROR;
				CLANG_WARN_RANGE_LOOP_ANALYSIS = YES;
				CLANG_WARN_STRICT_PROTOTYPES = YES;
				CLANG_WARN_SUSPICIOUS_MOVE = YES;
				CLANG_WARN_UNGUARDED_AVAILABILITY = YES_AGGRESSIVE;
				CLANG_WARN_UNREACHABLE_CODE = YES;
				CLANG_WARN__DUPLICATE_METHOD_MATCH = YES;
				CODE_SIGN_IDENTITY = "iPhone Developer";
				COPY_PHASE_STRIP = NO;
				DEBUG_INFORMATION_FORMAT = "dwarf-with-dsym";
				ENABLE_NS_ASSERTIONS = NO;
				ENABLE_STRICT_OBJC_MSGSEND = YES;
				GCC_C_LANGUAGE_STANDARD = gnu11;
				GCC_NO_COMMON_BLOCKS = YES;
				GCC_WARN_64_TO_32_BIT_CONVERSION = YES;
				GCC_WARN_ABOUT_RETURN_TYPE = YES_ERROR;
				GCC_WARN_UNDECLARED_SELECTOR = YES;
				GCC_WARN_UNINITIALIZED_AUTOS = YES_AGGRESSIVE;
				GCC_WARN_UNUSED_FUNCTION = YES;
				GCC_WARN_UNUSED_VARIABLE = YES;
				IPHONEOS_DEPLOYMENT_TARGET = 11.0;
				MTL_ENABLE_DEBUG_INFO = NO;
				SDKROOT = iphoneos;
				SWIFT_OPTIMIZATION_LEVEL = "-Owholemodule";
				VALIDATE_PRODUCT = YES;
			};
			name = Release;
		};
		50209E5F1F3509AB00C058A4 /* Debug */ = {
			isa = XCBuildConfiguration;
			buildSettings = {
				ASSETCATALOG_COMPILER_APPICON_NAME = AppIcon;
				DEVELOPMENT_TEAM = MSLJP987H9;
				INFOPLIST_FILE = CounterAR/Info.plist;
				LD_RUNPATH_SEARCH_PATHS = "$(inherited) @executable_path/Frameworks";
				PRODUCT_BUNDLE_IDENTIFIER = eu.codeyard.CounterAR;
				PRODUCT_NAME = "$(TARGET_NAME)";
				SWIFT_VERSION = 4.0;
				TARGETED_DEVICE_FAMILY = "1,2";
			};
			name = Debug;
		};
		50209E601F3509AB00C058A4 /* Release */ = {
			isa = XCBuildConfiguration;
			buildSettings = {
				ASSETCATALOG_COMPILER_APPICON_NAME = AppIcon;
				DEVELOPMENT_TEAM = MSLJP987H9;
				INFOPLIST_FILE = CounterAR/Info.plist;
				LD_RUNPATH_SEARCH_PATHS = "$(inherited) @executable_path/Frameworks";
				PRODUCT_BUNDLE_IDENTIFIER = eu.codeyard.CounterAR;
				PRODUCT_NAME = "$(TARGET_NAME)";
				SWIFT_VERSION = 4.0;
				TARGETED_DEVICE_FAMILY = "1,2";
			};
			name = Release;
		};
		50209E621F3509AB00C058A4 /* Debug */ = {
			isa = XCBuildConfiguration;
			buildSettings = {
				ALWAYS_EMBED_SWIFT_STANDARD_LIBRARIES = YES;
				BUNDLE_LOADER = "$(TEST_HOST)";
				DEVELOPMENT_TEAM = MSLJP987H9;
				INFOPLIST_FILE = CounterARTests/Info.plist;
				LD_RUNPATH_SEARCH_PATHS = "$(inherited) @executable_path/Frameworks @loader_path/Frameworks";
				PRODUCT_BUNDLE_IDENTIFIER = eu.codeyard.CounterARTests;
				PRODUCT_NAME = "$(TARGET_NAME)";
				SWIFT_VERSION = 4.0;
				TARGETED_DEVICE_FAMILY = "1,2";
				TEST_HOST = "$(BUILT_PRODUCTS_DIR)/CounterAR.app/CounterAR";
			};
			name = Debug;
		};
		50209E631F3509AB00C058A4 /* Release */ = {
			isa = XCBuildConfiguration;
			buildSettings = {
				ALWAYS_EMBED_SWIFT_STANDARD_LIBRARIES = YES;
				BUNDLE_LOADER = "$(TEST_HOST)";
				DEVELOPMENT_TEAM = MSLJP987H9;
				INFOPLIST_FILE = CounterARTests/Info.plist;
				LD_RUNPATH_SEARCH_PATHS = "$(inherited) @executable_path/Frameworks @loader_path/Frameworks";
				PRODUCT_BUNDLE_IDENTIFIER = eu.codeyard.CounterARTests;
				PRODUCT_NAME = "$(TARGET_NAME)";
				SWIFT_VERSION = 4.0;
				TARGETED_DEVICE_FAMILY = "1,2";
				TEST_HOST = "$(BUILT_PRODUCTS_DIR)/CounterAR.app/CounterAR";
			};
			name = Release;
		};
		50209E651F3509AB00C058A4 /* Debug */ = {
			isa = XCBuildConfiguration;
			buildSettings = {
				ALWAYS_EMBED_SWIFT_STANDARD_LIBRARIES = YES;
				DEVELOPMENT_TEAM = MSLJP987H9;
				INFOPLIST_FILE = CounterARUITests/Info.plist;
				LD_RUNPATH_SEARCH_PATHS = "$(inherited) @executable_path/Frameworks @loader_path/Frameworks";
				PRODUCT_BUNDLE_IDENTIFIER = eu.codeyard.CounterARUITests;
				PRODUCT_NAME = "$(TARGET_NAME)";
				SWIFT_VERSION = 4.0;
				TARGETED_DEVICE_FAMILY = "1,2";
				TEST_TARGET_NAME = CounterAR;
			};
			name = Debug;
		};
		50209E661F3509AB00C058A4 /* Release */ = {
			isa = XCBuildConfiguration;
			buildSettings = {
				ALWAYS_EMBED_SWIFT_STANDARD_LIBRARIES = YES;
				DEVELOPMENT_TEAM = MSLJP987H9;
				INFOPLIST_FILE = CounterARUITests/Info.plist;
				LD_RUNPATH_SEARCH_PATHS = "$(inherited) @executable_path/Frameworks @loader_path/Frameworks";
				PRODUCT_BUNDLE_IDENTIFIER = eu.codeyard.CounterARUITests;
				PRODUCT_NAME = "$(TARGET_NAME)";
				SWIFT_VERSION = 4.0;
				TARGETED_DEVICE_FAMILY = "1,2";
				TEST_TARGET_NAME = CounterAR;
			};
			name = Release;
		};
/* End XCBuildConfiguration section */

/* Begin XCConfigurationList section */
		50209E2F1F3509AB00C058A4 /* Build configuration list for PBXProject "CounterAR" */ = {
			isa = XCConfigurationList;
			buildConfigurations = (
				50209E5C1F3509AB00C058A4 /* Debug */,
				50209E5D1F3509AB00C058A4 /* Release */,
			);
			defaultConfigurationIsVisible = 0;
			defaultConfigurationName = Release;
		};
		50209E5E1F3509AB00C058A4 /* Build configuration list for PBXNativeTarget "CounterAR" */ = {
			isa = XCConfigurationList;
			buildConfigurations = (
				50209E5F1F3509AB00C058A4 /* Debug */,
				50209E601F3509AB00C058A4 /* Release */,
			);
			defaultConfigurationIsVisible = 0;
		};
		50209E611F3509AB00C058A4 /* Build configuration list for PBXNativeTarget "CounterARTests" */ = {
			isa = XCConfigurationList;
			buildConfigurations = (
				50209E621F3509AB00C058A4 /* Debug */,
				50209E631F3509AB00C058A4 /* Release */,
			);
			defaultConfigurationIsVisible = 0;
		};
		50209E641F3509AB00C058A4 /* Build configuration list for PBXNativeTarget "CounterARUITests" */ = {
			isa = XCConfigurationList;
			buildConfigurations = (
				50209E651F3509AB00C058A4 /* Debug */,
				50209E661F3509AB00C058A4 /* Release */,
			);
			defaultConfigurationIsVisible = 0;
		};
/* End XCConfigurationList section */
	};
	rootObject = 50209E2C1F3509AB00C058A4 /* Project object */;
}
